
Microsoft Visual Studio Solution File, Format Version 12.00
# Visual Studio Version 17
VisualStudioVersion = 17.10.34916.146
MinimumVisualStudioVersion = 10.0.40219.1
Project("{FAE04EC0-301F-11D3-BF4B-00C04F79EFBC}") = "BincomContactSessionAssignment3", "BincomContactSessionAssignment3.csproj", "{DB427F53-F1A0-4F7D-85DA-E37F62E6857C}"
EndProject
Global
	GlobalSection(SolutionConfigurationPlatforms) = preSolution
		Debug|Any CPU = Debug|Any CPU
		Release|Any CPU = Release|Any CPU
	EndGlobalSection
	GlobalSection(ProjectConfigurationPlatforms) = postSolution
		{DB427F53-F1A0-4F7D-85DA-E37F62E6857C}.Debug|Any CPU.ActiveCfg = Debug|Any CPU
		{DB427F53-F1A0-4F7D-85DA-E37F62E6857C}.Debug|Any CPU.Build.0 = Debug|Any CPU
		{DB427F53-F1A0-4F7D-85DA-E37F62E6857C}.Release|Any CPU.ActiveCfg = Release|Any CPU
		{DB427F53-F1A0-4F7D-85DA-E37F62E6857C}.Release|Any CPU.Build.0 = Release|Any CPU
	EndGlobalSection
	GlobalSection(SolutionProperties) = preSolution
		HideSolutionNode = FALSE
	EndGlobalSection
	GlobalSection(ExtensibilityGlobals) = postSolution
		SolutionGuid = {7EAFCC6B-9B68-4341-9D96-C6D6FBED2055}
	EndGlobalSection
EndGlobal
